version = 1
requires-python = ">=3.11"

[[package]]
name = "a"
version = "0.1.0"
source = { directory = "../a" }
dependencies = [
    { name = "ibis-framework" },
]

[package.metadata]
requires-dist = [{ name = "ibis-framework", git = "https://github.com/ibis-project/ibis.git?branch=main" }]

[[package]]
name = "app"
version = "0.1.0"
source = { virtual = "." }
dependencies = [
    { name = "a" },
    { name = "b" },
    { name = "ibis-framework" },
]

[package.metadata]
requires-dist = [
    { name = "a", directory = "../a" },
    { name = "b", directory = "../b" },
    { name = "ibis-framework", git = "https://github.com/ibis-project/ibis.git?branch=main" },
]

[[package]]
name = "atpublic"
version = "5.0"
source = { registry = "https://pypi.org/simple" }
sdist = { url = "https://files.pythonhosted.org/packages/5d/18/b1d247792440378abeeb0853f9daa2a127284b68776af6815990be7fcdb0/atpublic-5.0.tar.gz", hash = "sha256:d5cb6cbabf00ec1d34e282e8ce7cbc9b74ba4cb732e766c24e2d78d1ad7f723f", size = 14646 }
wheels = [
    { url = "https://files.pythonhosted.org/packages/6b/03/2cb0e5326e19b7d877bc9c3a7ef436a30a06835b638580d1f5e21a0409ed/atpublic-5.0-py3-none-any.whl", hash = "sha256:b651dcd886666b1042d1e38158a22a4f2c267748f4e97fde94bc492a4a28a3f3", size = 5207 },
]

[[package]]
name = "b"
version = "0.1.0"
source = { directory = "../b" }
dependencies = [
    { name = "ibis-framework" },
]

[package.metadata]
requires-dist = [{ name = "ibis-framework", git = "https://github.com/ibis-project/ibis.git?branch=main" }]

[[package]]
name = "ibis-framework"
version = "10.0.0.dev125"
source = { git = "https://github.com/ibis-project/ibis.git?branch=main#41462c5955fa656177a54ad587f42b363034d08f" }
dependencies = [
    { name = "atpublic" },
    { name = "parsy" },
    { name = "python-dateutil" },
    { name = "pytz" },
    { name = "sqlglot" },
    { name = "toolz" },
    { name = "typing-extensions" },
]

[[package]]
name = "parsy"
version = "2.1"
source = { registry = "https://pypi.org/simple" }
sdist = { url = "https://files.pythonhosted.org/packages/53/ea/e0853951be3b3e0ca41f962971816065b671ac88e257b99abcd0879198ce/parsy-2.1.tar.gz", hash = "sha256:fd5dd18d7b0b61f8275ee88665f430a20c02cf5a82d88557f35330530186d7ac", size = 45252 }
wheels = [
    { url = "https://files.pythonhosted.org/packages/b3/05/1c84e2ebd1eb2817d92ae05a917e60e57b1c83f7b89e63c31df2cd6fcb70/parsy-2.1-py3-none-any.whl", hash = "sha256:8f18e7b11985e7802e7e3ecbd8291c6ca243d29820b1186e4c84605db4efffa0", size = 9111 },
]

[[package]]
name = "python-dateutil"
version = "2.9.0.post0"
source = { registry = "https://pypi.org/simple" }
dependencies = [
    { name = "six" },
]
sdist = { url = "https://files.pythonhosted.org/packages/66/c0/0c8b6ad9f17a802ee498c46e004a0eb49bc148f2fd230864601a86dcf6db/python-dateutil-2.9.0.post0.tar.gz", hash = "sha256:37dd54208da7e1cd875388217d5e00ebd4179249f90fb72437e91a35459a0ad3", size = 342432 }
wheels = [
    { url = "https://files.pythonhosted.org/packages/ec/57/56b9bcc3c9c6a792fcbaf139543cee77261f3651ca9da0c93f5c1221264b/python_dateutil-2.9.0.post0-py2.py3-none-any.whl", hash = "sha256:a8b2bc7bffae282281c8140a97d3aa9c14da0b136dfe83f850eea9a5f7470427", size = 229892 },
]

[[package]]
name = "pytz"
version = "2024.2"
source = { registry = "https://pypi.org/simple" }
sdist = { url = "https://files.pythonhosted.org/packages/3a/31/3c70bf7603cc2dca0f19bdc53b4537a797747a58875b552c8c413d963a3f/pytz-2024.2.tar.gz", hash = "sha256:2aa355083c50a0f93fa581709deac0c9ad65cca8a9e9beac660adcbd493c798a", size = 319692 }
wheels = [
    { url = "https://files.pythonhosted.org/packages/11/c3/005fcca25ce078d2cc29fd559379817424e94885510568bc1bc53d7d5846/pytz-2024.2-py2.py3-none-any.whl", hash = "sha256:31c7c1817eb7fae7ca4b8c7ee50c72f93aa2dd863de768e1ef4245d426aa0725", size = 508002 },
]

[[package]]
name = "six"
version = "1.16.0"
source = { registry = "https://pypi.org/simple" }
sdist = { url = "https://files.pythonhosted.org/packages/71/39/171f1c67cd00715f190ba0b100d606d440a28c93c7714febeca8b79af85e/six-1.16.0.tar.gz", hash = "sha256:1e61c37477a1626458e36f7b1d82aa5c9b094fa4802892072e49de9c60c4c926", size = 34041 }
wheels = [
    { url = "https://files.pythonhosted.org/packages/d9/5a/e7c31adbe875f2abbb91bd84cf2dc52d792b5a01506781dbcf25c91daf11/six-1.16.0-py2.py3-none-any.whl", hash = "sha256:8abb2f1d86890a2dfb989f9a77cfcfd3e47c2a354b01111771326f8aa26e0254", size = 11053 },
]

[[package]]
name = "sqlglot"
version = "25.24.4"
source = { registry = "https://pypi.org/simple" }
sdist = { url = "https://files.pythonhosted.org/packages/62/f1/267da72e332803de064aede23207ab57911f5b624682f578236c2388590d/sqlglot-25.24.4.tar.gz", hash = "sha256:6808b117be93468bfc61b2d607373521cfe94e60f9f7a61c3407e7c65927ec5a", size = 19506066 }
wheels = [
    { url = "https://files.pythonhosted.org/packages/08/e3/e6916ee1eb5dc153aa72818c860a0907af1866be80c14426d372dcce7e54/sqlglot-25.24.4-py3-none-any.whl", hash = "sha256:7637227f2671b78aa22da2be6d0c954e60ea00ad5619583a85b6c698d1dcb8dc", size = 417427 },
]

[[package]]
name = "toolz"
version = "0.12.1"
source = { registry = "https://pypi.org/simple" }
sdist = { url = "https://files.pythonhosted.org/packages/3e/bf/5e12db234df984f6df3c7f12f1428aa680ba4e101f63f4b8b3f9e8d2e617/toolz-0.12.1.tar.gz", hash = "sha256:ecca342664893f177a13dac0e6b41cbd8ac25a358e5f215316d43e2100224f4d", size = 66550 }
wheels = [
    { url = "https://files.pythonhosted.org/packages/b7/8a/d82202c9f89eab30f9fc05380daae87d617e2ad11571ab23d7c13a29bb54/toolz-0.12.1-py3-none-any.whl", hash = "sha256:d22731364c07d72eea0a0ad45bafb2c2937ab6fd38a3507bf55eae8744aa7d85", size = 56121 },
]

[[package]]
name = "typing-extensions"
version = "4.12.2"
source = { registry = "https://pypi.org/simple" }
sdist = { url = "https://files.pythonhosted.org/packages/df/db/f35a00659bc03fec321ba8bce9420de607a1d37f8342eee1863174c69557/typing_extensions-4.12.2.tar.gz", hash = "sha256:1a7ead55c7e559dd4dee8856e3a88b41225abfe1ce8df57b7c13915fe121ffb8", size = 85321 }
wheels = [
    { url = "https://files.pythonhosted.org/packages/26/9f/ad63fc0248c5379346306f8668cda6e2e2e9c95e01216d2b8ffd9ff037d0/typing_extensions-4.12.2-py3-none-any.whl", hash = "sha256:04e5ca0351e0f3f85c6853954072df659d0d13fac324d0072316b67d7794700d", size = 37438 },
]
